// !$*UTF8*$!
{
	archiveVersion = 1;
	classes = {
	};
	objectVersion = 77;
	objects = {

/* Begin PBXBuildFile section */
		BC0100000000000000000021 /* GRDB in Frameworks */ = {isa = PBXBuildFile; productRef = BC0100000000000000000011 /* GRDB */; };
		BC0100000000000000000022 /* FirebaseAnalytics in Frameworks */ = {isa = PBXBuildFile; productRef = BC0100000000000000000012 /* FirebaseAnalytics */; };
		BC0100000000000000000023 /* FirebaseCrashlytics in Frameworks */ = {isa = PBXBuildFile; productRef = BC0100000000000000000013 /* FirebaseCrashlytics */; };
		BC0100000000000000000024 /* FirebaseRemoteConfig in Frameworks */ = {isa = PBXBuildFile; productRef = BC0100000000000000000014 /* FirebaseRemoteConfig */; };
/* End PBXBuildFile section */

/* Begin PBXContainerItemProxy section */
		409C5251305359D10014B83A /* PBXContainerItemProxy */ = {
			isa = PBXContainerItemProxy;
			containerPortal = 409C5239305359D00014B83A /* Project object */;
			proxyType = 1;
			remoteGlobalIDString = 409C5240305359D00014B83A;
			remoteInfo = "BOCantabria-ios";
		};
		409C525B305359D10014B83A /* PBXContainerItemProxy */ = {
			isa = PBXContainerItemProxy;
			containerPortal = 409C5239305359D00014B83A /* Project object */;
			proxyType = 1;
			remoteGlobalIDString = 409C5240305359D00014B83A;
			remoteInfo = "BOCantabria-ios";
		};
/* End PBXContainerItemProxy section */

/* Begin PBXFileReference section */
		409C5241305359D00014B83A /* BOCantabria-ios.app */ = {isa = PBXFileReference; explicitFileType = wrapper.application; includeInIndex = 0; path = "BOCantabria-ios.app"; sourceTree = BUILT_PRODUCTS_DIR; };
		409C5250305359D10014B83A /* BOCantabria-iosTests.xctest */ = {isa = PBXFileReference; explicitFileType = wrapper.cfbundle; includeInIndex = 0; path = "BOCantabria-iosTests.xctest"; sourceTree = BUILT_PRODUCTS_DIR; };
		409C525A305359D10014B83A /* BOCantabria-iosUITests.xctest */ = {isa = PBXFileReference; explicitFileType = wrapper.cfbundle; includeInIndex = 0; path = "BOCantabria-iosUITests.xctest"; sourceTree = BUILT_PRODUCTS_DIR; };
		BC0100000000000000000031 /* Base.xcconfig */ = {isa = PBXFileReference; lastKnownFileType = text.xcconfig; path = Base.xcconfig; sourceTree = "<group>"; };
/* End PBXFileReference section */

/* Begin PBXFileSystemSynchronizedRootGroup section */
		409C5243305359D00014B83A /* BOCantabria-ios */ = {
			isa = PBXFileSystemSynchronizedRootGroup;
			path = "BOCantabria-ios";
			sourceTree = "<group>";
		};
		409C5253305359D10014B83A /* BOCantabria-iosTests */ = {
			isa = PBXFileSystemSynchronizedRootGroup;
			path = "BOCantabria-iosTests";
			sourceTree = "<group>";
		};
		409C525D305359D10014B83A /* BOCantabria-iosUITests */ = {
			isa = PBXFileSystemSynchronizedRootGroup;
			path = "BOCantabria-iosUITests";
			sourceTree = "<group>";
		};
/* End PBXFileSystemSynchronizedRootGroup section */

/* Begin PBXFrameworksBuildPhase section */
		409C523E305359D00014B83A /* Frameworks */ = {
			isa = PBXFrameworksBuildPhase;
			buildActionMask = 2147483647;
			files = (
				BC0100000000000000000021 /* GRDB in Frameworks */,
				BC0100000000000000000022 /* FirebaseAnalytics in Frameworks */,
				BC0100000000000000000023 /* FirebaseCrashlytics in Frameworks */,
				BC0100000000000000000024 /* FirebaseRemoteConfig in Frameworks */,
			);
			runOnlyForDeploymentPostprocessing = 0;
		};
		409C524D305359D10014B83A /* Frameworks */ = {
			isa = PBXFrameworksBuildPhase;
			buildActionMask = 2147483647;
			files = (
			);
			runOnlyForDeploymentPostprocessing = 0;
		};
		409C5257305359D10014B83A /* Frameworks */ = {
			isa = PBXFrameworksBuildPhase;
			buildActionMask = 2147483647;
			files = (
			);
			runOnlyForDeploymentPostprocessing = 0;
		};
/* End PBXFrameworksBuildPhase section */

/* Begin PBXGroup section */
		409C5238305359D00014B83A = {
			isa = PBXGroup;
			children = (
				BC0100000000000000000032 /* Config */,
				409C5243305359D00014B83A /* BOCantabria-ios */,
				409C5253305359D10014B83A /* BOCantabria-iosTests */,
				409C525D305359D10014B83A /* BOCantabria-iosUITests */,
				409C5242305359D00014B83A /* Products */,
			);
			sourceTree = "<group>";
		};
		409C5242305359D00014B83A /* Products */ = {
			isa = PBXGroup;
			children = (
				409C5241305359D00014B83A /* BOCantabria-ios.app */,
				409C5250305359D10014B83A /* BOCantabria-iosTests.xctest */,
				409C525A305359D10014B83A /* BOCantabria-iosUITests.xctest */,
			);
			name = Products;
			sourceTree = "<group>";
		};
		BC0100000000000000000032 /* Config */ = {
			isa = PBXGroup;
			children = (
				BC0100000000000000000031 /* Base.xcconfig */,
			);
			path = Config;
			sourceTree = "<group>";
		};
/* End PBXGroup section */

/* Begin PBXNativeTarget section */
		409C5240305359D00014B83A /* BOCantabria-ios */ = {
			isa = PBXNativeTarget;
			buildConfigurationList = 409C5264305359D10014B83A /* Build configuration list for PBXNativeTarget "BOCantabria-ios" */;
			buildPhases = (
				409C523D305359D00014B83A /* Sources */,
				409C523E305359D00014B83A /* Frameworks */,
				409C523F305359D00014B83A /* Resources */,
				BC0100000000000000000041 /* Símbolos de Crashlytics */,
			);
			buildRules = (
			);
			dependencies = (
			);
			fileSystemSynchronizedGroups = (
				409C5243305359D00014B83A /* BOCantabria-ios */,
			);
			name = "BOCantabria-ios";
			packageProductDependencies = (
				BC0100000000000000000011 /* GRDB */,
				BC0100000000000000000012 /* FirebaseAnalytics */,
				BC0100000000000000000013 /* FirebaseCrashlytics */,
				BC0100000000000000000014 /* FirebaseRemoteConfig */,
			);
			productName = "BOCantabria-ios";
			productReference = 409C5241305359D00014B83A /* BOCantabria-ios.app */;
			productType = "com.apple.product-type.application";
		};
		409C524F305359D10014B83A /* BOCantabria-iosTests */ = {
			isa = PBXNativeTarget;
			buildConfigurationList = 409C5267305359D10014B83A /* Build configuration list for PBXNativeTarget "BOCantabria-iosTests" */;
			buildPhases = (
				409C524C305359D10014B83A /* Sources */,
				409C524D305359D10014B83A /* Frameworks */,
				409C524E305359D10014B83A /* Resources */,
			);
			buildRules = (
			);
			dependencies = (
				409C5252305359D10014B83A /* PBXTargetDependency */,
			);
			fileSystemSynchronizedGroups = (
				409C5253305359D10014B83A /* BOCantabria-iosTests */,
			);
			name = "BOCantabria-iosTests";
			packageProductDependencies = (
			);
			productName = "BOCantabria-iosTests";
			productReference = 409C5250305359D10014B83A /* BOCantabria-iosTests.xctest */;
			productType = "com.apple.product-type.bundle.unit-test";
		};
		409C5259305359D10014B83A /* BOCantabria-iosUITests */ = {
			isa = PBXNativeTarget;
			buildConfigurationList = 409C526A305359D10014B83A /* Build configuration list for PBXNativeTarget "BOCantabria-iosUITests" */;
			buildPhases = (
				409C5256305359D10014B83A /* Sources */,
				409C5257305359D10014B83A /* Frameworks */,
				409C5258305359D10014B83A /* Resources */,
			);
			buildRules = (
			);
			dependencies = (
				409C525C305359D10014B83A /* PBXTargetDependency */,
			);
			fileSystemSynchronizedGroups = (
				409C525D305359D10014B83A /* BOCantabria-iosUITests */,
			);
			name = "BOCantabria-iosUITests";
			packageProductDependencies = (
			);
			productName = "BOCantabria-iosUITests";
			productReference = 409C525A305359D10014B83A /* BOCantabria-iosUITests.xctest */;
			productType = "com.apple.product-type.bundle.ui-testing";
		};
/* End PBXNativeTarget section */

/* Begin PBXProject section */
		409C5239305359D00014B83A /* Project object */ = {
			isa = PBXProject;
			attributes = {
				BuildIndependentTargetsInParallel = 1;
				LastSwiftUpdateCheck = 2660;
				LastUpgradeCheck = 2660;
				TargetAttributes = {
					409C5240305359D00014B83A = {
						CreatedOnToolsVersion = 26.6;
					};
					409C524F305359D10014B83A = {
						CreatedOnToolsVersion = 26.6;
						TestTargetID = 409C5240305359D00014B83A;
					};
					409C5259305359D10014B83A = {
						CreatedOnToolsVersion = 26.6;
						TestTargetID = 409C5240305359D00014B83A;
					};
				};
			};
			buildConfigurationList = 409C523C305359D00014B83A /* Build configuration list for PBXProject "BOCantabria-ios" */;
			developmentRegion = en;
			hasScannedForEncodings = 0;
			knownRegions = (
				en,
				Base,
			);
			mainGroup = 409C5238305359D00014B83A;
			minimizedProjectReferenceProxies = 1;
			packageReferences = (
				BC0100000000000000000001 /* XCRemoteSwiftPackageReference "GRDB.swift" */,
				BC0100000000000000000002 /* XCRemoteSwiftPackageReference "firebase-ios-sdk" */,
			);
			preferredProjectObjectVersion = 77;
			productRefGroup = 409C5242305359D00014B83A /* Products */;
			projectDirPath = "";
			projectRoot = "";
			targets = (
				409C5240305359D00014B83A /* BOCantabria-ios */,
				409C524F305359D10014B83A /* BOCantabria-iosTests */,
				409C5259305359D10014B83A /* BOCantabria-iosUITests */,
			);
		};
/* End PBXProject section */

/* Begin PBXResourcesBuildPhase section */
		409C523F305359D00014B83A /* Resources */ = {
			isa = PBXResourcesBuildPhase;
			buildActionMask = 2147483647;
			files = (
			);
			runOnlyForDeploymentPostprocessing = 0;
		};
		409C524E305359D10014B83A /* Resources */ = {
			isa = PBXResourcesBuildPhase;
			buildActionMask = 2147483647;
			files = (
			);
			runOnlyForDeploymentPostprocessing = 0;
		};
		409C5258305359D10014B83A /* Resources */ = {
			isa = PBXResourcesBuildPhase;
			buildActionMask = 2147483647;
			files = (
			);
			runOnlyForDeploymentPostprocessing = 0;
		};
/* End PBXResourcesBuildPhase section */

/* Begin PBXShellScriptBuildPhase section */
		BC0100000000000000000041 /* Símbolos de Crashlytics */ = {
			isa = PBXShellScriptBuildPhase;
			buildActionMask = 2147483647;
			files = (
			);
			alwaysOutOfDate = 1;
			inputFileListPaths = (
			);
			inputPaths = (
			);
			name = "Símbolos de Crashlytics";
			outputPaths = (
			);
			runOnlyForDeploymentPostprocessing = 0;
			shellPath = /bin/sh;
			shellScript = "# Sube a Crashlytics los símbolos de depuración, sin los cuales un informe de fallo\n# llega sin simbolizar. Se salta en silencio en los dos casos en que no hay nada que\n# hacer, y el segundo es deliberado: la aplicación tiene que poder compilarse sin\n# secretos, así que la falta del fichero de Firebase avisa pero no rompe la build.\nif [ \"${DEBUG_INFORMATION_FORMAT}\" != \"dwarf-with-dsym\" ]; then\n  echo \"note: sin dSYM en esta configuración; no hay símbolos que subir.\"\n  exit 0\nfi\nPLIST=\"${TARGET_BUILD_DIR}/${UNLOCALIZED_RESOURCES_FOLDER_PATH}/GoogleService-Info.plist\"\nif [ ! -f \"${PLIST}\" ]; then\n  echo \"warning: sin GoogleService-Info.plist; no se suben símbolos a Crashlytics.\"\n  exit 0\nfi\n\"${BUILD_DIR%/Build/*}/SourcePackages/checkouts/firebase-ios-sdk/Crashlytics/run\"\n";
		};
/* End PBXShellScriptBuildPhase section */

/* Begin PBXSourcesBuildPhase section */
		409C523D305359D00014B83A /* Sources */ = {
			isa = PBXSourcesBuildPhase;
			buildActionMask = 2147483647;
			files = (
			);
			runOnlyForDeploymentPostprocessing = 0;
		};
		409C524C305359D10014B83A /* Sources */ = {
			isa = PBXSourcesBuildPhase;
			buildActionMask = 2147483647;
			files = (
			);
			runOnlyForDeploymentPostprocessing = 0;
		};
		409C5256305359D10014B83A /* Sources */ = {
			isa = PBXSourcesBuildPhase;
			buildActionMask = 2147483647;
			files = (
			);
			runOnlyForDeploymentPostprocessing = 0;
		};
/* End PBXSourcesBuildPhase section */

/* Begin PBXTargetDependency section */
		409C5252305359D10014B83A /* PBXTargetDependency */ = {
			isa = PBXTargetDependency;
			target = 409C5240305359D00014B83A /* BOCantabria-ios */;
			targetProxy = 409C5251305359D10014B83A /* PBXContainerItemProxy */;
		};
		409C525C305359D10014B83A /* PBXTargetDependency */ = {
			isa = PBXTargetDependency;
			target = 409C5240305359D00014B83A /* BOCantabria-ios */;
			targetProxy = 409C525B305359D10014B83A /* PBXContainerItemProxy */;
		};
/* End PBXTargetDependency section */

/* Begin XCBuildConfiguration section */
		409C5262305359D10014B83A /* Debug */ = {
			isa = XCBuildConfiguration;
			buildSettings = {
				ALWAYS_SEARCH_USER_PATHS = NO;
				ASSETCATALOG_COMPILER_GENERATE_SWIFT_ASSET_SYMBOL_EXTENSIONS = YES;
				CLANG_ANALYZER_NONNULL = YES;
				CLANG_ANALYZER_NUMBER_OBJECT_CONVERSION = YES_AGGRESSIVE;
				CLANG_CXX_LANGUAGE_STANDARD = "gnu++20";
				CLANG_ENABLE_MODULES = YES;
				CLANG_ENABLE_OBJC_ARC = YES;
				CLANG_ENABLE_OBJC_WEAK = YES;
				CLANG_WARN_BLOCK_CAPTURE_AUTORELEASING = YES;
				CLANG_WARN_BOOL_CONVERSION = YES;
				CLANG_WARN_COMMA = YES;
				CLANG_WARN_CONSTANT_CONVERSION = YES;
				CLANG_WARN_DEPRECATED_OBJC_IMPLEMENTATIONS = YES;
				CLANG_WARN_DIRECT_OBJC_ISA_USAGE = YES_ERROR;
				CLANG_WARN_DOCUMENTATION_COMMENTS = YES;
				CLANG_WARN_EMPTY_BODY = YES;
				CLANG_WARN_ENUM_CONVERSION = YES;
				CLANG_WARN_INFINITE_RECURSION = YES;
				CLANG_WARN_INT_CONVERSION = YES;
				CLANG_WARN_NON_LITERAL_NULL_CONVERSION = YES;
				CLANG_WARN_OBJC_IMPLICIT_RETAIN_SELF = YES;
				CLANG_WARN_OBJC_LITERAL_CONVERSION = YES;
				CLANG_WARN_OBJC_ROOT_CLASS = YES_ERROR;
				CLANG_WARN_QUOTED_INCLUDE_IN_FRAMEWORK_HEADER = YES;
				CLANG_WARN_RANGE_LOOP_ANALYSIS = YES;
				CLANG_WARN_STRICT_PROTOTYPES = YES;
				CLANG_WARN_SUSPICIOUS_MOVE = YES;
				CLANG_WARN_UNGUARDED_AVAILABILITY = YES_AGGRESSIVE;
				CLANG_WARN_UNREACHABLE_CODE = YES;
				CLANG_WARN__DUPLICATE_METHOD_MATCH = YES;
				COPY_PHASE_STRIP = NO;
				DEBUG_INFORMATION_FORMAT = dwarf;
				ENABLE_STRICT_OBJC_MSGSEND = YES;
				ENABLE_TESTABILITY = YES;
				ENABLE_USER_SCRIPT_SANDBOXING = YES;
				GCC_C_LANGUAGE_STANDARD = gnu17;
				GCC_DYNAMIC_NO_PIC = NO;
				GCC_NO_COMMON_BLOCKS = YES;
				GCC_OPTIMIZATION_LEVEL = 0;
				GCC_PREPROCESSOR_DEFINITIONS = (
					"DEBUG=1",
					"$(inherited)",
				);
				GCC_WARN_64_TO_32_BIT_CONVERSION = YES;
				GCC_WARN_ABOUT_RETURN_TYPE = YES_ERROR;
				GCC_WARN_UNDECLARED_SELECTOR = YES;
				GCC_WARN_UNINITIALIZED_AUTOS = YES_AGGRESSIVE;
				GCC_WARN_UNUSED_FUNCTION = YES;
				GCC_WARN_UNUSED_VARIABLE = YES;
				IPHONEOS_DEPLOYMENT_TARGET = 18.0;
				LOCALIZATION_PREFERS_STRING_CATALOGS = YES;
				MTL_ENABLE_DEBUG_INFO = INCLUDE_SOURCE;
				MTL_FAST_MATH = YES;
				ONLY_ACTIVE_ARCH = YES;
				SDKROOT = iphoneos;
				SWIFT_ACTIVE_COMPILATION_CONDITIONS = "DEBUG $(inherited)";
				SWIFT_OPTIMIZATION_LEVEL = "-Onone";
			};
			name = Debug;
		};
		409C5263305359D10014B83A /* Release */ = {
			isa = XCBuildConfiguration;
			buildSettings = {
				ALWAYS_SEARCH_USER_PATHS = NO;
				ASSETCATALOG_COMPILER_GENERATE_SWIFT_ASSET_SYMBOL_EXTENSIONS = YES;
				CLANG_ANALYZER_NONNULL = YES;
				CLANG_ANALYZER_NUMBER_OBJECT_CONVERSION = YES_AGGRESSIVE;
				CLANG_CXX_LANGUAGE_STANDARD = "gnu++20";
				CLANG_ENABLE_MODULES = YES;
				CLANG_ENABLE_OBJC_ARC = YES;
				CLANG_ENABLE_OBJC_WEAK = YES;
				CLANG_WARN_BLOCK_CAPTURE_AUTORELEASING = YES;
				CLANG_WARN_BOOL_CONVERSION = YES;
				CLANG_WARN_COMMA = YES;
				CLANG_WARN_CONSTANT_CONVERSION = YES;
				CLANG_WARN_DEPRECATED_OBJC_IMPLEMENTATIONS = YES;
				CLANG_WARN_DIRECT_OBJC_ISA_USAGE = YES_ERROR;
				CLANG_WARN_DOCUMENTATION_COMMENTS = YES;
				CLANG_WARN_EMPTY_BODY = YES;
				CLANG_WARN_ENUM_CONVERSION = YES;
				CLANG_WARN_INFINITE_RECURSION = YES;
				CLANG_WARN_INT_CONVERSION = YES;
				CLANG_WARN_NON_LITERAL_NULL_CONVERSION = YES;
				CLANG_WARN_OBJC_IMPLICIT_RETAIN_SELF = YES;
				CLANG_WARN_OBJC_LITERAL_CONVERSION = YES;
				CLANG_WARN_OBJC_ROOT_CLASS = YES_ERROR;
				CLANG_WARN_QUOTED_INCLUDE_IN_FRAMEWORK_HEADER = YES;
				CLANG_WARN_RANGE_LOOP_ANALYSIS = YES;
				CLANG_WARN_STRICT_PROTOTYPES = YES;
				CLANG_WARN_SUSPICIOUS_MOVE = YES;
				CLANG_WARN_UNGUARDED_AVAILABILITY = YES_AGGRESSIVE;
				CLANG_WARN_UNREACHABLE_CODE = YES;
				CLANG_WARN__DUPLICATE_METHOD_MATCH = YES;
				COPY_PHASE_STRIP = NO;
				DEBUG_INFORMATION_FORMAT = "dwarf-with-dsym";
				ENABLE_NS_ASSERTIONS = NO;
				ENABLE_STRICT_OBJC_MSGSEND = YES;
				ENABLE_USER_SCRIPT_SANDBOXING = YES;
				GCC_C_LANGUAGE_STANDARD = gnu17;
				GCC_NO_COMMON_BLOCKS = YES;
				GCC_WARN_64_TO_32_BIT_CONVERSION = YES;
				GCC_WARN_ABOUT_RETURN_TYPE = YES_ERROR;
				GCC_WARN_UNDECLARED_SELECTOR = YES;
				GCC_WARN_UNINITIALIZED_AUTOS = YES_AGGRESSIVE;
				GCC_WARN_UNUSED_FUNCTION = YES;
				GCC_WARN_UNUSED_VARIABLE = YES;
				IPHONEOS_DEPLOYMENT_TARGET = 18.0;
				LOCALIZATION_PREFERS_STRING_CATALOGS = YES;
				MTL_ENABLE_DEBUG_INFO = NO;
				MTL_FAST_MATH = YES;
				SDKROOT = iphoneos;
				SWIFT_COMPILATION_MODE = wholemodule;
				VALIDATE_PRODUCT = YES;
			};
			name = Release;
		};
		409C5265305359D10014B83A /* Debug */ = {
			isa = XCBuildConfiguration;
			baseConfigurationReference = BC0100000000000000000031 /* Base.xcconfig */;
			buildSettings = {
				ASSETCATALOG_COMPILER_APPICON_NAME = AppIcon;
				ASSETCATALOG_COMPILER_GLOBAL_ACCENT_COLOR_NAME = AccentColor;
				CODE_SIGN_STYLE = Automatic;
				CURRENT_PROJECT_VERSION = 1;
				ENABLE_PREVIEWS = YES;
				GENERATE_INFOPLIST_FILE = YES;
				INFOPLIST_FILE = Config/Info.plist;
				INFOPLIST_KEY_CFBundleDisplayName = "BOC Cantabria";
				INFOPLIST_KEY_UIApplicationSceneManifest_Generation = YES;
				INFOPLIST_KEY_UIApplicationSupportsIndirectInputEvents = YES;
				INFOPLIST_KEY_UILaunchScreen_Generation = YES;
				INFOPLIST_KEY_UISupportedInterfaceOrientations_iPhone = UIInterfaceOrientationPortrait;
				INFOPLIST_KEY_UIUserInterfaceStyle = Light;
				LD_RUNPATH_SEARCH_PATHS = (
					"$(inherited)",
					"@executable_path/Frameworks",
				);
				MARKETING_VERSION = 1.0.0;
				PRODUCT_BUNDLE_IDENTIFIER = com.jrblanco.BOCantabria;
				PRODUCT_NAME = "$(TARGET_NAME)";
				STRING_CATALOG_GENERATE_SYMBOLS = YES;
				SWIFT_APPROACHABLE_CONCURRENCY = YES;
				SWIFT_DEFAULT_ACTOR_ISOLATION = MainActor;
				SWIFT_EMIT_LOC_STRINGS = YES;
				SWIFT_UPCOMING_FEATURE_MEMBER_IMPORT_VISIBILITY = YES;
				SWIFT_VERSION = 6.0;
				TARGETED_DEVICE_FAMILY = 1;
			};
			name = Debug;
		};
		409C5266305359D10014B83A /* Release */ = {
			isa = XCBuildConfiguration;
			baseConfigurationReference = BC0100000000000000000031 /* Base.xcconfig */;
			buildSettings = {
				ASSETCATALOG_COMPILER_APPICON_NAME = AppIcon;
				ASSETCATALOG_COMPILER_GLOBAL_ACCENT_COLOR_NAME = AccentColor;
				CODE_SIGN_STYLE = Automatic;
				CURRENT_PROJECT_VERSION = 1;
				ENABLE_PREVIEWS = YES;
				GENERATE_INFOPLIST_FILE = YES;
				INFOPLIST_FILE = Config/Info.plist;
				INFOPLIST_KEY_CFBundleDisplayName = "BOC Cantabria";
				INFOPLIST_KEY_UIApplicationSceneManifest_Generation = YES;
				INFOPLIST_KEY_UIApplicationSupportsIndirectInputEvents = YES;
				INFOPLIST_KEY_UILaunchScreen_Generation = YES;
				INFOPLIST_KEY_UISupportedInterfaceOrientations_iPhone = UIInterfaceOrientationPortrait;
				INFOPLIST_KEY_UIUserInterfaceStyle = Light;
				LD_RUNPATH_SEARCH_PATHS = (
					"$(inherited)",
					"@executable_path/Frameworks",
				);
				MARKETING_VERSION = 1.0.0;
				PRODUCT_BUNDLE_IDENTIFIER = com.jrblanco.BOCantabria;
				PRODUCT_NAME = "$(TARGET_NAME)";
				STRING_CATALOG_GENERATE_SYMBOLS = YES;
				SWIFT_APPROACHABLE_CONCURRENCY = YES;
				SWIFT_DEFAULT_ACTOR_ISOLATION = MainActor;
				SWIFT_EMIT_LOC_STRINGS = YES;
				SWIFT_UPCOMING_FEATURE_MEMBER_IMPORT_VISIBILITY = YES;
				SWIFT_VERSION = 6.0;
				TARGETED_DEVICE_FAMILY = 1;
			};
			name = Release;
		};
		409C5268305359D10014B83A /* Debug */ = {
			isa = XCBuildConfiguration;
			buildSettings = {
				BUNDLE_LOADER = "$(TEST_HOST)";
				CODE_SIGN_STYLE = Automatic;
				CURRENT_PROJECT_VERSION = 1;
				GENERATE_INFOPLIST_FILE = YES;
				IPHONEOS_DEPLOYMENT_TARGET = 18.0;
				MARKETING_VERSION = 1.0.0;
				PRODUCT_BUNDLE_IDENTIFIER = com.jrblanco.BOCantabriaTests;
				PRODUCT_NAME = "$(TARGET_NAME)";
				STRING_CATALOG_GENERATE_SYMBOLS = NO;
				SWIFT_APPROACHABLE_CONCURRENCY = YES;
				SWIFT_EMIT_LOC_STRINGS = NO;
				SWIFT_UPCOMING_FEATURE_MEMBER_IMPORT_VISIBILITY = YES;
				SWIFT_VERSION = 6.0;
				TARGETED_DEVICE_FAMILY = 1;
				TEST_HOST = "$(BUILT_PRODUCTS_DIR)/BOCantabria-ios.app/$(BUNDLE_EXECUTABLE_FOLDER_PATH)/BOCantabria-ios";
			};
			name = Debug;
		};
		409C5269305359D10014B83A /* Release */ = {
			isa = XCBuildConfiguration;
			buildSettings = {
				BUNDLE_LOADER = "$(TEST_HOST)";
				CODE_SIGN_STYLE = Automatic;
				CURRENT_PROJECT_VERSION = 1;
				GENERATE_INFOPLIST_FILE = YES;
				IPHONEOS_DEPLOYMENT_TARGET = 18.0;
				MARKETING_VERSION = 1.0.0;
				PRODUCT_BUNDLE_IDENTIFIER = com.jrblanco.BOCantabriaTests;
				PRODUCT_NAME = "$(TARGET_NAME)";
				STRING_CATALOG_GENERATE_SYMBOLS = NO;
				SWIFT_APPROACHABLE_CONCURRENCY = YES;
				SWIFT_EMIT_LOC_STRINGS = NO;
				SWIFT_UPCOMING_FEATURE_MEMBER_IMPORT_VISIBILITY = YES;
				SWIFT_VERSION = 6.0;
				TARGETED_DEVICE_FAMILY = 1;
				TEST_HOST = "$(BUILT_PRODUCTS_DIR)/BOCantabria-ios.app/$(BUNDLE_EXECUTABLE_FOLDER_PATH)/BOCantabria-ios";
			};
			name = Release;
		};
		409C526B305359D10014B83A /* Debug */ = {
			isa = XCBuildConfiguration;
			buildSettings = {
				CODE_SIGN_STYLE = Automatic;
				CURRENT_PROJECT_VERSION = 1;
				GENERATE_INFOPLIST_FILE = YES;
				MARKETING_VERSION = 1.0.0;
				PRODUCT_BUNDLE_IDENTIFIER = com.jrblanco.BOCantabriaUITests;
				PRODUCT_NAME = "$(TARGET_NAME)";
				STRING_CATALOG_GENERATE_SYMBOLS = NO;
				SWIFT_APPROACHABLE_CONCURRENCY = YES;
				SWIFT_EMIT_LOC_STRINGS = NO;
				SWIFT_UPCOMING_FEATURE_MEMBER_IMPORT_VISIBILITY = YES;
				SWIFT_VERSION = 6.0;
				TARGETED_DEVICE_FAMILY = 1;
				TEST_TARGET_NAME = "BOCantabria-ios";
			};
			name = Debug;
		};
		409C526C305359D10014B83A /* Release */ = {
			isa = XCBuildConfiguration;
			buildSettings = {
				CODE_SIGN_STYLE = Automatic;
				CURRENT_PROJECT_VERSION = 1;
				GENERATE_INFOPLIST_FILE = YES;
				MARKETING_VERSION = 1.0.0;
				PRODUCT_BUNDLE_IDENTIFIER = com.jrblanco.BOCantabriaUITests;
				PRODUCT_NAME = "$(TARGET_NAME)";
				STRING_CATALOG_GENERATE_SYMBOLS = NO;
				SWIFT_APPROACHABLE_CONCURRENCY = YES;
				SWIFT_EMIT_LOC_STRINGS = NO;
				SWIFT_UPCOMING_FEATURE_MEMBER_IMPORT_VISIBILITY = YES;
				SWIFT_VERSION = 6.0;
				TARGETED_DEVICE_FAMILY = 1;
				TEST_TARGET_NAME = "BOCantabria-ios";
			};
			name = Release;
		};
/* End XCBuildConfiguration section */

/* Begin XCConfigurationList section */
		409C523C305359D00014B83A /* Build configuration list for PBXProject "BOCantabria-ios" */ = {
			isa = XCConfigurationList;
			buildConfigurations = (
				409C5262305359D10014B83A /* Debug */,
				409C5263305359D10014B83A /* Release */,
			);
			defaultConfigurationIsVisible = 0;
			defaultConfigurationName = Release;
		};
		409C5264305359D10014B83A /* Build configuration list for PBXNativeTarget "BOCantabria-ios" */ = {
			isa = XCConfigurationList;
			buildConfigurations = (
				409C5265305359D10014B83A /* Debug */,
				409C5266305359D10014B83A /* Release */,
			);
			defaultConfigurationIsVisible = 0;
			defaultConfigurationName = Release;
		};
		409C5267305359D10014B83A /* Build configuration list for PBXNativeTarget "BOCantabria-iosTests" */ = {
			isa = XCConfigurationList;
			buildConfigurations = (
				409C5268305359D10014B83A /* Debug */,
				409C5269305359D10014B83A /* Release */,
			);
			defaultConfigurationIsVisible = 0;
			defaultConfigurationName = Release;
		};
		409C526A305359D10014B83A /* Build configuration list for PBXNativeTarget "BOCantabria-iosUITests" */ = {
			isa = XCConfigurationList;
			buildConfigurations = (
				409C526B305359D10014B83A /* Debug */,
				409C526C305359D10014B83A /* Release */,
			);
			defaultConfigurationIsVisible = 0;
			defaultConfigurationName = Release;
		};
/* End XCConfigurationList section */

/* Begin XCRemoteSwiftPackageReference section */
		BC0100000000000000000001 /* XCRemoteSwiftPackageReference "GRDB.swift" */ = {
			isa = XCRemoteSwiftPackageReference;
			repositoryURL = "https://github.com/groue/GRDB.swift.git";
			requirement = {
				kind = upToNextMajorVersion;
				minimumVersion = 7.11.1;
			};
		};
		BC0100000000000000000002 /* XCRemoteSwiftPackageReference "firebase-ios-sdk" */ = {
			isa = XCRemoteSwiftPackageReference;
			repositoryURL = "https://github.com/firebase/firebase-ios-sdk.git";
			requirement = {
				kind = upToNextMajorVersion;
				minimumVersion = 12.19.1;
			};
		};
/* End XCRemoteSwiftPackageReference section */

/* Begin XCSwiftPackageProductDependency section */
		BC0100000000000000000011 /* GRDB */ = {
			isa = XCSwiftPackageProductDependency;
			package = BC0100000000000000000001 /* XCRemoteSwiftPackageReference "GRDB.swift" */;
			productName = GRDB;
		};
		BC0100000000000000000012 /* FirebaseAnalytics */ = {
			isa = XCSwiftPackageProductDependency;
			package = BC0100000000000000000002 /* XCRemoteSwiftPackageReference "firebase-ios-sdk" */;
			productName = FirebaseAnalytics;
		};
		BC0100000000000000000013 /* FirebaseCrashlytics */ = {
			isa = XCSwiftPackageProductDependency;
			package = BC0100000000000000000002 /* XCRemoteSwiftPackageReference "firebase-ios-sdk" */;
			productName = FirebaseCrashlytics;
		};
		BC0100000000000000000014 /* FirebaseRemoteConfig */ = {
			isa = XCSwiftPackageProductDependency;
			package = BC0100000000000000000002 /* XCRemoteSwiftPackageReference "firebase-ios-sdk" */;
			productName = FirebaseRemoteConfig;
		};
/* End XCSwiftPackageProductDependency section */
	};
	rootObject = 409C5239305359D00014B83A /* Project object */;
}
